PODS:
  - device_calendar (0.0.1):
    - Flutter
  - Flutter (1.0.0)
  - location (0.0.1):
    - Flutter
  - shared_preferences (0.0.1):
    - Flutter
  - url_launcher (0.0.1):
    - Flutter

DEPENDENCIES:
  - device_calendar (from `.symlinks/plugins/device_calendar/ios`)
  - Flutter (from `.symlinks/flutter/ios`)
  - location (from `.symlinks/plugins/location/ios`)
  - shared_preferences (from `.symlinks/plugins/shared_preferences/ios`)
  - url_launcher (from `.symlinks/plugins/url_launcher/ios`)

EXTERNAL SOURCES:
  device_calendar:
    :path: ".symlinks/plugins/device_calendar/ios"
  Flutter:
    :path: ".symlinks/flutter/ios"
  location:
    :path: ".symlinks/plugins/location/ios"
  shared_preferences:
    :path: ".symlinks/plugins/shared_preferences/ios"
  url_launcher:
    :path: ".symlinks/plugins/url_launcher/ios"

SPEC CHECKSUMS:
  device_calendar: 23b28a5f1ab3bf77e34542fb1167e1b8b29a98f5
  Flutter: 58dd7d1b27887414a370fcccb9e645c08ffd7a6a
  location: 3a2eed4dd2fab25e7b7baf2a9efefe82b512d740
  shared_preferences: 1feebfa37bb57264736e16865e7ffae7fc99b523
  url_launcher: 0067ddb8f10d36786672aa0722a21717dba3a298

PODFILE CHECKSUM: b6a0a141693093b304368d08511b46cf3d1d0ac5

COCOAPODS: 1.8.4
